
Microsoft Visual Studio Solution File, Format Version 12.00
# Visual Studio Version 16
VisualStudioVersion = 16.0.29926.136
MinimumVisualStudioVersion = 10.0.40219.1
Project("{9A19103F-16F7-4668-BE54-9A1E7A4F7556}") = "UnderHiveBookKeeper.Gangs.Domain", "UnderHiveBookKeeper.Domain\UnderHiveBookKeeper.Gangs.Domain.csproj", "{8028B796-7A3E-449F-A400-356110355433}"
EndProject
Project("{FAE04EC0-301F-11D3-BF4B-00C04F79EFBC}") = "UnderHiveBookKeeper.Client", "UnderHiveBookKeeper.Client\UnderHiveBookKeeper.Client.csproj", "{03EA0A2E-E7DC-4189-828B-3395E40933B3}"
EndProject
Project("{FAE04EC0-301F-11D3-BF4B-00C04F79EFBC}") = "UnderHiveBookKeeper.Service", "UnderHiveBookKeeper.Service\UnderHiveBookKeeper.Service.csproj", "{24A577E4-8133-4A7B-9F12-04C5D25213EE}"
EndProject
Global
	GlobalSection(SolutionConfigurationPlatforms) = preSolution
		Debug|Any CPU = Debug|Any CPU
		Release|Any CPU = Release|Any CPU
	EndGlobalSection
	GlobalSection(ProjectConfigurationPlatforms) = postSolution
		{8028B796-7A3E-449F-A400-356110355433}.Debug|Any CPU.ActiveCfg = Debug|Any CPU
		{8028B796-7A3E-449F-A400-356110355433}.Debug|Any CPU.Build.0 = Debug|Any CPU
		{8028B796-7A3E-449F-A400-356110355433}.Release|Any CPU.ActiveCfg = Release|Any CPU
		{8028B796-7A3E-449F-A400-356110355433}.Release|Any CPU.Build.0 = Release|Any CPU
		{03EA0A2E-E7DC-4189-828B-3395E40933B3}.Debug|Any CPU.ActiveCfg = Debug|Any CPU
		{03EA0A2E-E7DC-4189-828B-3395E40933B3}.Debug|Any CPU.Build.0 = Debug|Any CPU
		{03EA0A2E-E7DC-4189-828B-3395E40933B3}.Release|Any CPU.ActiveCfg = Release|Any CPU
		{03EA0A2E-E7DC-4189-828B-3395E40933B3}.Release|Any CPU.Build.0 = Release|Any CPU
		{24A577E4-8133-4A7B-9F12-04C5D25213EE}.Debug|Any CPU.ActiveCfg = Debug|Any CPU
		{24A577E4-8133-4A7B-9F12-04C5D25213EE}.Debug|Any CPU.Build.0 = Debug|Any CPU
		{24A577E4-8133-4A7B-9F12-04C5D25213EE}.Release|Any CPU.ActiveCfg = Release|Any CPU
		{24A577E4-8133-4A7B-9F12-04C5D25213EE}.Release|Any CPU.Build.0 = Release|Any CPU
	EndGlobalSection
	GlobalSection(SolutionProperties) = preSolution
		HideSolutionNode = FALSE
	EndGlobalSection
	GlobalSection(ExtensibilityGlobals) = postSolution
		SolutionGuid = {74DF2C66-B22E-452D-9A2D-D6D71FD89C07}
	EndGlobalSection
EndGlobal
